
Microsoft Visual Studio Solution File, Format Version 12.00
# Visual Studio Version 17
VisualStudioVersion = 17.0.31903.59
MinimumVisualStudioVersion = 10.0.40219.1
Project("{9A19103F-16F7-4668-BE54-9A1E7A4F7556}") = "Shared", "Shared\Shared.csproj", "{0E001FBE-1B35-4B1D-818B-380657062E8F}"
EndProject
Project("{9A19103F-16F7-4668-BE54-9A1E7A4F7556}") = "NotificationApi", "NotificationApi\NotificationApi.csproj", "{AB7AC55C-9982-4DAF-ADD2-093300AB7579}"
EndProject
Project("{9A19103F-16F7-4668-BE54-9A1E7A4F7556}") = "EmailWorker", "EmailWorker\EmailWorker.csproj", "{E415C020-E778-4A3A-BB71-17930C556910}"
EndProject
Project("{2150E333-8FDC-42A3-9474-1A3956D46DE8}") = "Solution Items", "Solution Items", "{9BB675EB-7BD8-47DD-887E-2D60D98E0F35}"
	ProjectSection(SolutionItems) = preProject
		Readme.md = Readme.md
	EndProjectSection
EndProject
Global
	GlobalSection(SolutionConfigurationPlatforms) = preSolution
		Debug|Any CPU = Debug|Any CPU
		Release|Any CPU = Release|Any CPU
	EndGlobalSection
	GlobalSection(ProjectConfigurationPlatforms) = postSolution
		{0E001FBE-1B35-4B1D-818B-380657062E8F}.Debug|Any CPU.ActiveCfg = Debug|Any CPU
		{0E001FBE-1B35-4B1D-818B-380657062E8F}.Debug|Any CPU.Build.0 = Debug|Any CPU
		{0E001FBE-1B35-4B1D-818B-380657062E8F}.Release|Any CPU.ActiveCfg = Release|Any CPU
		{0E001FBE-1B35-4B1D-818B-380657062E8F}.Release|Any CPU.Build.0 = Release|Any CPU
		{AB7AC55C-9982-4DAF-ADD2-093300AB7579}.Debug|Any CPU.ActiveCfg = Debug|Any CPU
		{AB7AC55C-9982-4DAF-ADD2-093300AB7579}.Debug|Any CPU.Build.0 = Debug|Any CPU
		{AB7AC55C-9982-4DAF-ADD2-093300AB7579}.Release|Any CPU.ActiveCfg = Release|Any CPU
		{AB7AC55C-9982-4DAF-ADD2-093300AB7579}.Release|Any CPU.Build.0 = Release|Any CPU
		{E415C020-E778-4A3A-BB71-17930C556910}.Debug|Any CPU.ActiveCfg = Debug|Any CPU
		{E415C020-E778-4A3A-BB71-17930C556910}.Debug|Any CPU.Build.0 = Debug|Any CPU
		{E415C020-E778-4A3A-BB71-17930C556910}.Release|Any CPU.ActiveCfg = Release|Any CPU
		{E415C020-E778-4A3A-BB71-17930C556910}.Release|Any CPU.Build.0 = Release|Any CPU
	EndGlobalSection
	GlobalSection(SolutionProperties) = preSolution
		HideSolutionNode = FALSE
	EndGlobalSection
	GlobalSection(ExtensibilityGlobals) = postSolution
		SolutionGuid = {EC6895EC-E5A7-4BFD-B65E-B38B26E79802}
	EndGlobalSection
EndGlobal
